
Microsoft Visual Studio Solution File, Format Version 12.00
# Visual Studio Version 16
VisualStudioVersion = 16.0.31313.79
MinimumVisualStudioVersion = 10.0.40219.1
Project("{FAE04EC0-301F-11D3-BF4B-00C04F79EFBC}") = "AppWebApiCore", "AppWebApiCore\AppWebApiCore.csproj", "{ABBDB88D-24E3-479F-AD1F-4FA22878D23B}"
EndProject
Global
	GlobalSection(SolutionConfigurationPlatforms) = preSolution
		Debug|Any CPU = Debug|Any CPU
		Release|Any CPU = Release|Any CPU
	EndGlobalSection
	GlobalSection(ProjectConfigurationPlatforms) = postSolution
		{ABBDB88D-24E3-479F-AD1F-4FA22878D23B}.Debug|Any CPU.ActiveCfg = Debug|Any CPU
		{ABBDB88D-24E3-479F-AD1F-4FA22878D23B}.Debug|Any CPU.Build.0 = Debug|Any CPU
		{ABBDB88D-24E3-479F-AD1F-4FA22878D23B}.Release|Any CPU.ActiveCfg = Release|Any CPU
		{ABBDB88D-24E3-479F-AD1F-4FA22878D23B}.Release|Any CPU.Build.0 = Release|Any CPU
	EndGlobalSection
	GlobalSection(SolutionProperties) = preSolution
		HideSolutionNode = FALSE
	EndGlobalSection
	GlobalSection(ExtensibilityGlobals) = postSolution
		SolutionGuid = {32FF843C-D0C2-411A-96F4-01E1B11B1A58}
	EndGlobalSection
EndGlobal
